// !$*UTF8*$!
{
	archiveVersion = 1;
	classes = {
	};
	objectVersion = 46;
	objects = {

/* Begin PBXBuildFile section */
		D5348555197646170097FF1B /* main.m in Sources */ = {isa = PBXBuildFile; fileRef = D5348554197646170097FF1B /* main.m */; };
		D5348558197646170097FF1B /* AppDelegate.m in Sources */ = {isa = PBXBuildFile; fileRef = D5348557197646170097FF1B /* AppDelegate.m */; };
		D534855B197646170097FF1B /* GameViewController.m in Sources */ = {isa = PBXBuildFile; fileRef = D534855A197646170097FF1B /* GameViewController.m */; };
		D534855E197646170097FF1B /* Main.storyboard in Resources */ = {isa = PBXBuildFile; fileRef = D534855C197646170097FF1B /* Main.storyboard */; };
		D5348560197646170097FF1B /* Images.xcassets in Resources */ = {isa = PBXBuildFile; fileRef = D534855F197646170097FF1B /* Images.xcassets */; };
		D534856C197646170097FF1B /* KiiBall3dTests.m in Sources */ = {isa = PBXBuildFile; fileRef = D534856B197646170097FF1B /* KiiBall3dTests.m */; };
/* End PBXBuildFile section */

/* Begin PBXContainerItemProxy section */
		D5348566197646170097FF1B /* PBXContainerItemProxy */ = {
			isa = PBXContainerItemProxy;
			containerPortal = D5348547197646170097FF1B /* Project object */;
			proxyType = 1;
			remoteGlobalIDString = D534854E197646170097FF1B;
			remoteInfo = KiiBall3d;
		};
/* End PBXContainerItemProxy section */

/* Begin PBXFileReference section */
		D534854F197646170097FF1B /* KiiBall3d.app */ = {isa = PBXFileReference; explicitFileType = wrapper.application; includeInIndex = 0; path = KiiBall3d.app; sourceTree = BUILT_PRODUCTS_DIR; };
		D5348553197646170097FF1B /* Info.plist */ = {isa = PBXFileReference; lastKnownFileType = text.plist.xml; path = Info.plist; sourceTree = "<group>"; };
		D5348554197646170097FF1B /* main.m */ = {isa = PBXFileReference; lastKnownFileType = sourcecode.c.objc; path = main.m; sourceTree = "<group>"; };
		D5348556197646170097FF1B /* AppDelegate.h */ = {isa = PBXFileReference; lastKnownFileType = sourcecode.c.h; path = AppDelegate.h; sourceTree = "<group>"; };
		D5348557197646170097FF1B /* AppDelegate.m */ = {isa = PBXFileReference; lastKnownFileType = sourcecode.c.objc; path = AppDelegate.m; sourceTree = "<group>"; };
		D5348559197646170097FF1B /* GameViewController.h */ = {isa = PBXFileReference; lastKnownFileType = sourcecode.c.h; path = GameViewController.h; sourceTree = "<group>"; };
		D534855A197646170097FF1B /* GameViewController.m */ = {isa = PBXFileReference; lastKnownFileType = sourcecode.c.objc; path = GameViewController.m; sourceTree = "<group>"; };
		D534855D197646170097FF1B /* Base */ = {isa = PBXFileReference; lastKnownFileType = file.storyboard; name = Base; path = Base.lproj/Main.storyboard; sourceTree = "<group>"; };
		D534855F197646170097FF1B /* Images.xcassets */ = {isa = PBXFileReference; lastKnownFileType = folder.assetcatalog; path = Images.xcassets; sourceTree = "<group>"; };
		D5348565197646170097FF1B /* KiiBall3dTests.xctest */ = {isa = PBXFileReference; explicitFileType = wrapper.cfbundle; includeInIndex = 0; path = KiiBall3dTests.xctest; sourceTree = BUILT_PRODUCTS_DIR; };
		D534856A197646170097FF1B /* Info.plist */ = {isa = PBXFileReference; lastKnownFileType = text.plist.xml; path = Info.plist; sourceTree = "<group>"; };
		D534856B197646170097FF1B /* KiiBall3dTests.m */ = {isa = PBXFileReference; lastKnownFileType = sourcecode.c.objc; path = KiiBall3dTests.m; sourceTree = "<group>"; };
/* End PBXFileReference section */

/* Begin PBXFrameworksBuildPhase section */
		D534854C197646170097FF1B /* Frameworks */ = {
			isa = PBXFrameworksBuildPhase;
			buildActionMask = 2147483647;
			files = (
			);
			runOnlyForDeploymentPostprocessing = 0;
		};
		D5348562197646170097FF1B /* Frameworks */ = {
			isa = PBXFrameworksBuildPhase;
			buildActionMask = 2147483647;
			files = (
			);
			runOnlyForDeploymentPostprocessing = 0;
		};
/* End PBXFrameworksBuildPhase section */

/* Begin PBXGroup section */
		D5348546197646170097FF1B = {
			isa = PBXGroup;
			children = (
				D5348551197646170097FF1B /* KiiBall3d */,
				D5348568197646170097FF1B /* KiiBall3dTests */,
				D5348550197646170097FF1B /* Products */,
			);
			sourceTree = "<group>";
		};
		D5348550197646170097FF1B /* Products */ = {
			isa = PBXGroup;
			children = (
				D534854F197646170097FF1B /* KiiBall3d.app */,
				D5348565197646170097FF1B /* KiiBall3dTests.xctest */,
			);
			name = Products;
			sourceTree = "<group>";
		};
		D5348551197646170097FF1B /* KiiBall3d */ = {
			isa = PBXGroup;
			children = (
				D5348556197646170097FF1B /* AppDelegate.h */,
				D5348557197646170097FF1B /* AppDelegate.m */,
				D5348559197646170097FF1B /* GameViewController.h */,
				D534855A197646170097FF1B /* GameViewController.m */,
				D534855C197646170097FF1B /* Main.storyboard */,
				D534855F197646170097FF1B /* Images.xcassets */,
				D5348552197646170097FF1B /* Supporting Files */,
			);
			path = KiiBall3d;
			sourceTree = "<group>";
		};
		D5348552197646170097FF1B /* Supporting Files */ = {
			isa = PBXGroup;
			children = (
				D5348553197646170097FF1B /* Info.plist */,
				D5348554197646170097FF1B /* main.m */,
			);
			name = "Supporting Files";
			sourceTree = "<group>";
		};
		D5348568197646170097FF1B /* KiiBall3dTests */ = {
			isa = PBXGroup;
			children = (
				D534856B197646170097FF1B /* KiiBall3dTests.m */,
				D5348569197646170097FF1B /* Supporting Files */,
			);
			path = KiiBall3dTests;
			sourceTree = "<group>";
		};
		D5348569197646170097FF1B /* Supporting Files */ = {
			isa = PBXGroup;
			children = (
				D534856A197646170097FF1B /* Info.plist */,
			);
			name = "Supporting Files";
			sourceTree = "<group>";
		};
/* End PBXGroup section */

/* Begin PBXNativeTarget section */
		D534854E197646170097FF1B /* KiiBall3d */ = {
			isa = PBXNativeTarget;
			buildConfigurationList = D534856F197646170097FF1B /* Build configuration list for PBXNativeTarget "KiiBall3d" */;
			buildPhases = (
				D534854B197646170097FF1B /* Sources */,
				D534854C197646170097FF1B /* Frameworks */,
				D534854D197646170097FF1B /* Resources */,
			);
			buildRules = (
			);
			dependencies = (
			);
			name = KiiBall3d;
			productName = KiiBall3d;
			productReference = D534854F197646170097FF1B /* KiiBall3d.app */;
			productType = "com.apple.product-type.application";
		};
		D5348564197646170097FF1B /* KiiBall3dTests */ = {
			isa = PBXNativeTarget;
			buildConfigurationList = D5348572197646170097FF1B /* Build configuration list for PBXNativeTarget "KiiBall3dTests" */;
			buildPhases = (
				D5348561197646170097FF1B /* Sources */,
				D5348562197646170097FF1B /* Frameworks */,
				D5348563197646170097FF1B /* Resources */,
			);
			buildRules = (
			);
			dependencies = (
				D5348567197646170097FF1B /* PBXTargetDependency */,
			);
			name = KiiBall3dTests;
			productName = KiiBall3dTests;
			productReference = D5348565197646170097FF1B /* KiiBall3dTests.xctest */;
			productType = "com.apple.product-type.bundle.unit-test";
		};
/* End PBXNativeTarget section */

/* Begin PBXProject section */
		D5348547197646170097FF1B /* Project object */ = {
			isa = PBXProject;
			attributes = {
				LastUpgradeCheck = 0600;
				ORGANIZATIONNAME = Kii;
				TargetAttributes = {
					D534854E197646170097FF1B = {
						CreatedOnToolsVersion = 6.0;
					};
					D5348564197646170097FF1B = {
						CreatedOnToolsVersion = 6.0;
						TestTargetID = D534854E197646170097FF1B;
					};
				};
			};
			buildConfigurationList = D534854A197646170097FF1B /* Build configuration list for PBXProject "KiiBall3d" */;
			compatibilityVersion = "Xcode 3.2";
			developmentRegion = English;
			hasScannedForEncodings = 0;
			knownRegions = (
				en,
				Base,
			);
			mainGroup = D5348546197646170097FF1B;
			productRefGroup = D5348550197646170097FF1B /* Products */;
			projectDirPath = "";
			projectRoot = "";
			targets = (
				D534854E197646170097FF1B /* KiiBall3d */,
				D5348564197646170097FF1B /* KiiBall3dTests */,
			);
		};
/* End PBXProject section */

/* Begin PBXResourcesBuildPhase section */
		D534854D197646170097FF1B /* Resources */ = {
			isa = PBXResourcesBuildPhase;
			buildActionMask = 2147483647;
			files = (
				D534855E197646170097FF1B /* Main.storyboard in Resources */,
				D5348560197646170097FF1B /* Images.xcassets in Resources */,
			);
			runOnlyForDeploymentPostprocessing = 0;
		};
		D5348563197646170097FF1B /* Resources */ = {
			isa = PBXResourcesBuildPhase;
			buildActionMask = 2147483647;
			files = (
			);
			runOnlyForDeploymentPostprocessing = 0;
		};
/* End PBXResourcesBuildPhase section */

/* Begin PBXSourcesBuildPhase section */
		D534854B197646170097FF1B /* Sources */ = {
			isa = PBXSourcesBuildPhase;
			buildActionMask = 2147483647;
			files = (
				D5348558197646170097FF1B /* AppDelegate.m in Sources */,
				D534855B197646170097FF1B /* GameViewController.m in Sources */,
				D5348555197646170097FF1B /* main.m in Sources */,
			);
			runOnlyForDeploymentPostprocessing = 0;
		};
		D5348561197646170097FF1B /* Sources */ = {
			isa = PBXSourcesBuildPhase;
			buildActionMask = 2147483647;
			files = (
				D534856C197646170097FF1B /* KiiBall3dTests.m in Sources */,
			);
			runOnlyForDeploymentPostprocessing = 0;
		};
/* End PBXSourcesBuildPhase section */

/* Begin PBXTargetDependency section */
		D5348567197646170097FF1B /* PBXTargetDependency */ = {
			isa = PBXTargetDependency;
			target = D534854E197646170097FF1B /* KiiBall3d */;
			targetProxy = D5348566197646170097FF1B /* PBXContainerItemProxy */;
		};
/* End PBXTargetDependency section */

/* Begin PBXVariantGroup section */
		D534855C197646170097FF1B /* Main.storyboard */ = {
			isa = PBXVariantGroup;
			children = (
				D534855D197646170097FF1B /* Base */,
			);
			name = Main.storyboard;
			sourceTree = "<group>";
		};
/* End PBXVariantGroup section */

/* Begin XCBuildConfiguration section */
		D534856D197646170097FF1B /* Debug */ = {
			isa = XCBuildConfiguration;
			buildSettings = {
				ALWAYS_SEARCH_USER_PATHS = NO;
				CLANG_CXX_LANGUAGE_STANDARD = "gnu++0x";
				CLANG_CXX_LIBRARY = "libc++";
				CLANG_ENABLE_MODULES = YES;
				CLANG_ENABLE_OBJC_ARC = YES;
				CLANG_WARN_BOOL_CONVERSION = YES;
				CLANG_WARN_CONSTANT_CONVERSION = YES;
				CLANG_WARN_DIRECT_OBJC_ISA_USAGE = YES_ERROR;
				CLANG_WARN_EMPTY_BODY = YES;
				CLANG_WARN_ENUM_CONVERSION = YES;
				CLANG_WARN_INT_CONVERSION = YES;
				CLANG_WARN_OBJC_ROOT_CLASS = YES_ERROR;
				CLANG_WARN_UNREACHABLE_CODE = YES;
				CLANG_WARN__DUPLICATE_METHOD_MATCH = YES;
				"CODE_SIGN_IDENTITY[sdk=iphoneos*]" = "iPhone Developer";
				COPY_PHASE_STRIP = NO;
				ENABLE_STRICT_OBJC_MSGSEND = YES;
				GCC_C_LANGUAGE_STANDARD = gnu99;
				GCC_DYNAMIC_NO_PIC = NO;
				GCC_OPTIMIZATION_LEVEL = 0;
				GCC_PREPROCESSOR_DEFINITIONS = (
					"DEBUG=1",
					"$(inherited)",
				);
				GCC_SYMBOLS_PRIVATE_EXTERN = NO;
				GCC_WARN_64_TO_32_BIT_CONVERSION = YES;
				GCC_WARN_ABOUT_RETURN_TYPE = YES_ERROR;
				GCC_WARN_UNDECLARED_SELECTOR = YES;
				GCC_WARN_UNINITIALIZED_AUTOS = YES_AGGRESSIVE;
				GCC_WARN_UNUSED_FUNCTION = YES;
				GCC_WARN_UNUSED_VARIABLE = YES;
				IPHONEOS_DEPLOYMENT_TARGET = 8.0;
				MTL_ENABLE_DEBUG_INFO = YES;
				ONLY_ACTIVE_ARCH = YES;
				SDKROOT = iphoneos;
				TARGETED_DEVICE_FAMILY = "1,2";
			};
			name = Debug;
		};
		D534856E197646170097FF1B /* Release */ = {
			isa = XCBuildConfiguration;
			buildSettings = {
				ALWAYS_SEARCH_USER_PATHS = NO;
				CLANG_CXX_LANGUAGE_STANDARD = "gnu++0x";
				CLANG_CXX_LIBRARY = "libc++";
				CLANG_ENABLE_MODULES = YES;
				CLANG_ENABLE_OBJC_ARC = YES;
				CLANG_WARN_BOOL_CONVERSION = YES;
				CLANG_WARN_CONSTANT_CONVERSION = YES;
				CLANG_WARN_DIRECT_OBJC_ISA_USAGE = YES_ERROR;
				CLANG_WARN_EMPTY_BODY = YES;
				CLANG_WARN_ENUM_CONVERSION = YES;
				CLANG_WARN_INT_CONVERSION = YES;
				CLANG_WARN_OBJC_ROOT_CLASS = YES_ERROR;
				CLANG_WARN_UNREACHABLE_CODE = YES;
				CLANG_WARN__DUPLICATE_METHOD_MATCH = YES;
				"CODE_SIGN_IDENTITY[sdk=iphoneos*]" = "iPhone Developer";
				COPY_PHASE_STRIP = YES;
				ENABLE_NS_ASSERTIONS = NO;
				ENABLE_STRICT_OBJC_MSGSEND = YES;
				GCC_C_LANGUAGE_STANDARD = gnu99;
				GCC_WARN_64_TO_32_BIT_CONVERSION = YES;
				GCC_WARN_ABOUT_RETURN_TYPE = YES_ERROR;
				GCC_WARN_UNDECLARED_SELECTOR = YES;
				GCC_WARN_UNINITIALIZED_AUTOS = YES_AGGRESSIVE;
				GCC_WARN_UNUSED_FUNCTION = YES;
				GCC_WARN_UNUSED_VARIABLE = YES;
				IPHONEOS_DEPLOYMENT_TARGET = 8.0;
				MTL_ENABLE_DEBUG_INFO = NO;
				SDKROOT = iphoneos;
				TARGETED_DEVICE_FAMILY = "1,2";
				VALIDATE_PRODUCT = YES;
			};
			name = Release;
		};
		D5348570197646170097FF1B /* Debug */ = {
			isa = XCBuildConfiguration;
			buildSettings = {
				ASSETCATALOG_COMPILER_APPICON_NAME = AppIcon;
				ASSETCATALOG_COMPILER_LAUNCHIMAGE_NAME = LaunchImage;
				INFOPLIST_FILE = KiiBall3d/Info.plist;
				LD_RUNPATH_SEARCH_PATHS = "$(inherited) @executable_path/Frameworks";
				PRODUCT_NAME = "$(TARGET_NAME)";
			};
			name = Debug;
		};
		D5348571197646170097FF1B /* Release */ = {
			isa = XCBuildConfiguration;
			buildSettings = {
				ASSETCATALOG_COMPILER_APPICON_NAME = AppIcon;
				ASSETCATALOG_COMPILER_LAUNCHIMAGE_NAME = LaunchImage;
				INFOPLIST_FILE = KiiBall3d/Info.plist;
				LD_RUNPATH_SEARCH_PATHS = "$(inherited) @executable_path/Frameworks";
				PRODUCT_NAME = "$(TARGET_NAME)";
			};
			name = Release;
		};
		D5348573197646170097FF1B /* Debug */ = {
			isa = XCBuildConfiguration;
			buildSettings = {
				BUNDLE_LOADER = "$(BUILT_PRODUCTS_DIR)/KiiBall3d.app/KiiBall3d";
				FRAMEWORK_SEARCH_PATHS = (
					"$(SDKROOT)/Developer/Library/Frameworks",
					"$(inherited)",
				);
				GCC_PREPROCESSOR_DEFINITIONS = (
					"DEBUG=1",
					"$(inherited)",
				);
				INFOPLIST_FILE = KiiBall3dTests/Info.plist;
				LD_RUNPATH_SEARCH_PATHS = "$(inherited) @executable_path/Frameworks @loader_path/Frameworks";
				PRODUCT_NAME = "$(TARGET_NAME)";
				TEST_HOST = "$(BUNDLE_LOADER)";
			};
			name = Debug;
		};
		D5348574197646170097FF1B /* Release */ = {
			isa = XCBuildConfiguration;
			buildSettings = {
				BUNDLE_LOADER = "$(BUILT_PRODUCTS_DIR)/KiiBall3d.app/KiiBall3d";
				FRAMEWORK_SEARCH_PATHS = (
					"$(SDKROOT)/Developer/Library/Frameworks",
					"$(inherited)",
				);
				INFOPLIST_FILE = KiiBall3dTests/Info.plist;
				LD_RUNPATH_SEARCH_PATHS = "$(inherited) @executable_path/Frameworks @loader_path/Frameworks";
				PRODUCT_NAME = "$(TARGET_NAME)";
				TEST_HOST = "$(BUNDLE_LOADER)";
			};
			name = Release;
		};
/* End XCBuildConfiguration section */

/* Begin XCConfigurationList section */
		D534854A197646170097FF1B /* Build configuration list for PBXProject "KiiBall3d" */ = {
			isa = XCConfigurationList;
			buildConfigurations = (
				D534856D197646170097FF1B /* Debug */,
				D534856E197646170097FF1B /* Release */,
			);
			defaultConfigurationIsVisible = 0;
			defaultConfigurationName = Release;
		};
		D534856F197646170097FF1B /* Build configuration list for PBXNativeTarget "KiiBall3d" */ = {
			isa = XCConfigurationList;
			buildConfigurations = (
				D5348570197646170097FF1B /* Debug */,
				D5348571197646170097FF1B /* Release */,
			);
			defaultConfigurationIsVisible = 0;
		};
		D5348572197646170097FF1B /* Build configuration list for PBXNativeTarget "KiiBall3dTests" */ = {
			isa = XCConfigurationList;
			buildConfigurations = (
				D5348573197646170097FF1B /* Debug */,
				D5348574197646170097FF1B /* Release */,
			);
			defaultConfigurationIsVisible = 0;
		};
/* End XCConfigurationList section */
	};
	rootObject = D5348547197646170097FF1B /* Project object */;
}
